
Microsoft Visual Studio Solution File, Format Version 12.00
# Visual Studio Version 17
VisualStudioVersion = 17.3.32922.545
MinimumVisualStudioVersion = 10.0.40219.1
Project("{9A19103F-16F7-4668-BE54-9A1E7A4F7556}") = "Filc", "Filc.csproj", "{84005491-7FC6-40E1-8CA8-DB58767FAFDE}"
EndProject
Project("{FAE04EC0-301F-11D3-BF4B-00C04F79EFBC}") = "EFDataAccessLibrary", "..\EFDataAccessLibrary\EFDataAccessLibrary.csproj", "{32DA0BC7-9361-45E4-B2BC-64B6506B46A9}"
EndProject
Global
	GlobalSection(SolutionConfigurationPlatforms) = preSolution
		Debug|Any CPU = Debug|Any CPU
		Release|Any CPU = Release|Any CPU
	EndGlobalSection
	GlobalSection(ProjectConfigurationPlatforms) = postSolution
		{84005491-7FC6-40E1-8CA8-DB58767FAFDE}.Debug|Any CPU.ActiveCfg = Debug|Any CPU
		{84005491-7FC6-40E1-8CA8-DB58767FAFDE}.Debug|Any CPU.Build.0 = Debug|Any CPU
		{84005491-7FC6-40E1-8CA8-DB58767FAFDE}.Release|Any CPU.ActiveCfg = Release|Any CPU
		{84005491-7FC6-40E1-8CA8-DB58767FAFDE}.Release|Any CPU.Build.0 = Release|Any CPU
		{32DA0BC7-9361-45E4-B2BC-64B6506B46A9}.Debug|Any CPU.ActiveCfg = Debug|Any CPU
		{32DA0BC7-9361-45E4-B2BC-64B6506B46A9}.Debug|Any CPU.Build.0 = Debug|Any CPU
		{32DA0BC7-9361-45E4-B2BC-64B6506B46A9}.Release|Any CPU.ActiveCfg = Release|Any CPU
		{32DA0BC7-9361-45E4-B2BC-64B6506B46A9}.Release|Any CPU.Build.0 = Release|Any CPU
	EndGlobalSection
	GlobalSection(SolutionProperties) = preSolution
		HideSolutionNode = FALSE
	EndGlobalSection
	GlobalSection(ExtensibilityGlobals) = postSolution
		SolutionGuid = {88B9BC71-FF32-4C6E-B96F-E5B48FA5FCA9}
	EndGlobalSection
EndGlobal
